{
  "object": {
    "pins": [
      {
        "package": "SwiftyGPIO",
        "repositoryURL": "https://github.com/uraimo/SwiftyGPIO.git",
        "state": {
          "branch": "next_release",
          "revision": "42c40b9db855fbffb992fd89265836db9d7e1916",
          "version": null
        }
      }
    ]
  },
  "version": 1
}
